PackratFormat: 1.4
PackratVersion: 0.4.4
RVersion: 3.2.2
Repos: CRAN=https://mran.revolutionanalytics.com/snapshot/2015-08-27,
    BioCsoft=http://bioconductor.org/packages/3.2/bioc,
    BioCann=http://bioconductor.org/packages/3.2/data/annotation,
    BioCexp=http://bioconductor.org/packages/3.2/data/experiment,
    BioCextra=http://bioconductor.org/packages/3.2/extra

Package: DBI
Source: CRAN
Version: 0.3.1
Hash: 096699d1ac1cf530acfc646a0c90ee5d

Package: MASS
Source: CRAN
Version: 7.3-43
Hash: cad66bcf0bd3a9ca62f85a380a12c5fb

Package: RColorBrewer
Source: CRAN
Version: 1.1-2
Hash: c0d56cd15034f395874c870141870c25

Package: RSQLite
Source: CRAN
Version: 1.0.0
Hash: 3df52a54766f420d257debad962146c0
Requires: DBI

Package: Rcpp
Source: CRAN
Version: 0.12.0
Hash: 9cad2f0525579d98b5ec2536febaf0da

Package: chron
Source: CRAN
Version: 2.3-47
Hash: d25d96d908cd21080f24c89eed4c80a0

Package: coda
Source: CRAN
Version: 0.17-1
Hash: ce7fd1485db46e5474b8642533d5ba52
Requires: lattice

Package: colorspace
Source: CRAN
Version: 1.2-6
Hash: 00bb12245cd975c450cc4a960884fa15

Package: crayon
Source: CRAN
Version: 1.3.1
Hash: b61d34886cf0f4b4fc4e4f52ea249390
Requires: memoise

Package: data.table
Source: CRAN
Version: 1.9.4
Hash: b89234fb0b26ff6f53399cb5359d71a1
Requires: chron, reshape2

Package: dichromat
Source: CRAN
Version: 2.0-0
Hash: 08eed0c80510af29bb15f840ccfe37ce

Package: digest
Source: CRAN
Version: 0.6.8
Hash: de202f956596a476d09304e3a2ebf1e5

Package: evaluate
Source: CRAN
Version: 0.7.2
Hash: b659556abe45f9a377207945b95857e1
Requires: stringr

Package: foreign
Source: CRAN
Version: 0.8-66
Hash: 99a453ffeef7ff27060aed83cde5bae3

Package: formatR
Source: CRAN
Version: 1.2
Hash: cce53206179a99ae5a8bcf154ab5abde

Package: ggplot2
Source: github
Version: 2.0.0.9000
Hash: b34e87465e64b3724a3c0790e8f21983
Requires: MASS, digest, gtable, plyr, reshape2, scales
GithubRepo: ggplot2
GithubUsername: hadley
GithubRef: master
GithubSha1: 88b1451fc7672ac7ba79ebac5961503e2f4234b8

Package: gridExtra
Source: CRAN
Version: 2.0.0
Hash: 9be37a2d3b6a427d8a3d2a42f2b0bc01
Requires: gtable

Package: gtable
Source: CRAN
Version: 0.1.2
Hash: 38a0f066373a60824cd3ade2362af363

Package: highr
Source: CRAN
Version: 0.5
Hash: 25f9c02030b94c8154273699a7df9cf8

Package: knitr
Source: CRAN
Version: 1.11
Hash: 0a6d1006425040af05e29504af948535
Requires: digest, evaluate, formatR, highr, markdown, stringr, yaml

Package: labeling
Source: CRAN
Version: 0.3
Hash: ecf589b42cd284b03a4beb9665482d3e

Package: lattice
Source: CRAN
Version: 0.20-33
Hash: d7158cf4e63e8c12cb227738076b37d8

Package: magrittr
Source: CRAN
Version: 1.5
Hash: bdc4d48c3135e8f3b399536ddf160df4

Package: markdown
Source: CRAN
Version: 0.7.7
Hash: fea2343a1119d61b0cc5c0a950d103a3
Requires: mime

Package: memoise
Source: CRAN
Version: 0.2.1
Hash: 812e6a1dd77a0ca4da41f3239de8e447
Requires: digest

Package: mime
Source: CRAN
Version: 0.3
Hash: 629133973445ad75e5438a2bb6b05c17

Package: munsell
Source: CRAN
Version: 0.4.2
Hash: 72d343a6664778029f49a7ad36de1cab
Requires: colorspace

Package: packrat
Source: CRAN
Version: 0.4.4
Hash: aed7d17407538df551a57caf6289c8bf

Package: plyr
Source: github
Version: 1.8.3.9000
Hash: f9e09d17166c068aef3b07ba8ba7412e
Requires: Rcpp
GithubRepo: plyr
GithubUsername: hadley
GithubRef: master
GithubSha1: 9d8294e1cc83858da3fab3285444f7ea8fe391da

Package: readxl
Source: CRAN
Version: 0.1.0
Hash: bf842956d132fb7facf34612383d1572
Requires: Rcpp

Package: reshape2
Source: CRAN
Version: 1.4.1
Hash: 3131569136fc8988dd84ef57c9c28d5c
Requires: Rcpp, plyr, stringr

Package: sas7bdat
Source: CRAN
Version: 0.5
Hash: 0bf0275c7b0ef93d21cbb2cfd3c7c75b

Package: scales
Source: CRAN
Version: 0.3.0
Hash: 2f3d344ce85f3a7042a0f48047df75b3
Requires: RColorBrewer, Rcpp, dichromat, labeling, munsell, plyr

Package: stringi
Source: CRAN
Version: 0.5-5
Hash: e7c67668a472e26e0c95bc8fa9049198

Package: stringr
Source: CRAN
Version: 1.0.0
Hash: 2676dd5f88890910962b733b0f9540e1
Requires: magrittr, stringi

Package: testthat
Source: CRAN
Version: 0.10.0
Hash: e1c29715cb8ae5e023b0b8ad64e308f7
Requires: crayon, digest

Package: yaml
Source: CRAN
Version: 2.1.13
Hash: 4854ccabebc225e8a7309fb4a74980de

Package: zoo
Source: CRAN
Version: 1.7-12
Hash: 8ce4a89536cba4fa6023190959de5658
Requires: lattice
